
Microsoft Visual Studio Solution File, Format Version 12.00
# Visual Studio 15
VisualStudioVersion = 15.0.26730.12
MinimumVisualStudioVersion = 10.0.40219.1
Project("{FAE04EC0-301F-11D3-BF4B-00C04F79EFBC}") = "Zdanie_4_2", "Zdanie_4_2\Zdanie_4_2.csproj", "{6292CF11-91D9-4988-913D-28933A5E1979}"
EndProject
Project("{FAE04EC0-301F-11D3-BF4B-00C04F79EFBC}") = "WarstwaUslug", "WarstwaUslug\WarstwaUslug.csproj", "{2F03905D-7F8A-4338-985F-EDF589BB9199}"
EndProject
Project("{FAE04EC0-301F-11D3-BF4B-00C04F79EFBC}") = "TestAplikacji", "TestAplikacji\TestAplikacji.csproj", "{1B82E9B1-71F2-4460-8FF1-A7559E9A90D3}"
EndProject
Global
	GlobalSection(SolutionConfigurationPlatforms) = preSolution
		Debug|Any CPU = Debug|Any CPU
		Release|Any CPU = Release|Any CPU
	EndGlobalSection
	GlobalSection(ProjectConfigurationPlatforms) = postSolution
		{6292CF11-91D9-4988-913D-28933A5E1979}.Debug|Any CPU.ActiveCfg = Debug|Any CPU
		{6292CF11-91D9-4988-913D-28933A5E1979}.Debug|Any CPU.Build.0 = Debug|Any CPU
		{6292CF11-91D9-4988-913D-28933A5E1979}.Release|Any CPU.ActiveCfg = Release|Any CPU
		{6292CF11-91D9-4988-913D-28933A5E1979}.Release|Any CPU.Build.0 = Release|Any CPU
		{2F03905D-7F8A-4338-985F-EDF589BB9199}.Debug|Any CPU.ActiveCfg = Debug|Any CPU
		{2F03905D-7F8A-4338-985F-EDF589BB9199}.Debug|Any CPU.Build.0 = Debug|Any CPU
		{2F03905D-7F8A-4338-985F-EDF589BB9199}.Release|Any CPU.ActiveCfg = Release|Any CPU
		{2F03905D-7F8A-4338-985F-EDF589BB9199}.Release|Any CPU.Build.0 = Release|Any CPU
		{1B82E9B1-71F2-4460-8FF1-A7559E9A90D3}.Debug|Any CPU.ActiveCfg = Debug|Any CPU
		{1B82E9B1-71F2-4460-8FF1-A7559E9A90D3}.Debug|Any CPU.Build.0 = Debug|Any CPU
		{1B82E9B1-71F2-4460-8FF1-A7559E9A90D3}.Release|Any CPU.ActiveCfg = Release|Any CPU
		{1B82E9B1-71F2-4460-8FF1-A7559E9A90D3}.Release|Any CPU.Build.0 = Release|Any CPU
	EndGlobalSection
	GlobalSection(SolutionProperties) = preSolution
		HideSolutionNode = FALSE
	EndGlobalSection
	GlobalSection(ExtensibilityGlobals) = postSolution
		SolutionGuid = {707F05BB-0D31-44D6-B69D-95CC17559101}
	EndGlobalSection
EndGlobal
